# @generated by Move, please check-in and do not edit manually.

[move]
version = 3
manifest_digest = "2F56E38060DFC21D794699D0427944276602183AFAA7931DCCE0A8609E916FE2"
deps_digest = "F8BBB0CCB2491CA29A3DF03D6F92277A4F3574266507ACD77214D37ECA3F3082"
dependencies = [
  { id = "Sui", name = "Sui" },
]

[[move.package]]
id = "MoveStdlib"
source = { git = "https://github.com/MystenLabs/sui.git", rev = "framework/testnet", subdir = "crates/sui-framework/packages/move-stdlib" }

[[move.package]]
id = "Sui"
source = { git = "https://github.com/MystenLabs/sui.git", rev = "framework/testnet", subdir = "crates/sui-framework/packages/sui-framework" }

dependencies = [
  { id = "MoveStdlib", name = "MoveStdlib" },
]

[move.toolchain-version]
compiler-version = "1.38.2"
edition = "2024.beta"
flavor = "sui"

[env]

[env.devnet]
chain-id = "54f83c42"
original-published-id = "0x3934b2e056d9b21344db9137cbee06b82d3a9f2264eb234b9fcd021816dc599f"
latest-published-id = "0x3934b2e056d9b21344db9137cbee06b82d3a9f2264eb234b9fcd021816dc599f"
published-version = "1"
